// !$*UTF8*$!
{
	archiveVersion = 1;
	classes = {
	};
	objectVersion = 56;
	objects = {

/* Begin PBXBuildFile section */
		A776727B2BA9EE3E00FB9BC4 /* Figtree-ExtraBold.ttf in Resources */ = {isa = PBXBuildFile; fileRef = A776726D2BA9EE3D00FB9BC4 /* Figtree-ExtraBold.ttf */; };
		A776727C2BA9EE3E00FB9BC4 /* Figtree-Bold.ttf in Resources */ = {isa = PBXBuildFile; fileRef = A776726E2BA9EE3D00FB9BC4 /* Figtree-Bold.ttf */; };
		A776727D2BA9EE3E00FB9BC4 /* Figtree-SemiBoldItalic.ttf in Resources */ = {isa = PBXBuildFile; fileRef = A776726F2BA9EE3D00FB9BC4 /* Figtree-SemiBoldItalic.ttf */; };
		A776727E2BA9EE3E00FB9BC4 /* Figtree-Light.ttf in Resources */ = {isa = PBXBuildFile; fileRef = A77672702BA9EE3D00FB9BC4 /* Figtree-Light.ttf */; };
		A776727F2BA9EE3E00FB9BC4 /* Figtree-MediumItalic.ttf in Resources */ = {isa = PBXBuildFile; fileRef = A77672712BA9EE3D00FB9BC4 /* Figtree-MediumItalic.ttf */; };
		A77672802BA9EE3E00FB9BC4 /* Figtree-ExtraBoldItalic.ttf in Resources */ = {isa = PBXBuildFile; fileRef = A77672722BA9EE3D00FB9BC4 /* Figtree-ExtraBoldItalic.ttf */; };
		A77672812BA9EE3E00FB9BC4 /* Figtree-Medium.ttf in Resources */ = {isa = PBXBuildFile; fileRef = A77672732BA9EE3D00FB9BC4 /* Figtree-Medium.ttf */; };
		A77672822BA9EE3E00FB9BC4 /* Figtree-Regular.ttf in Resources */ = {isa = PBXBuildFile; fileRef = A77672742BA9EE3D00FB9BC4 /* Figtree-Regular.ttf */; };
		A77672832BA9EE3E00FB9BC4 /* Figtree-BlackItalic.ttf in Resources */ = {isa = PBXBuildFile; fileRef = A77672752BA9EE3D00FB9BC4 /* Figtree-BlackItalic.ttf */; };
		A77672842BA9EE3E00FB9BC4 /* Figtree-BoldItalic.ttf in Resources */ = {isa = PBXBuildFile; fileRef = A77672762BA9EE3E00FB9BC4 /* Figtree-BoldItalic.ttf */; };
		A77672852BA9EE3E00FB9BC4 /* Figtree-Italic.ttf in Resources */ = {isa = PBXBuildFile; fileRef = A77672772BA9EE3E00FB9BC4 /* Figtree-Italic.ttf */; };
		A77672862BA9EE3E00FB9BC4 /* Figtree-Black.ttf in Resources */ = {isa = PBXBuildFile; fileRef = A77672782BA9EE3E00FB9BC4 /* Figtree-Black.ttf */; };
		A77672872BA9EE3E00FB9BC4 /* Figtree-LightItalic.ttf in Resources */ = {isa = PBXBuildFile; fileRef = A77672792BA9EE3E00FB9BC4 /* Figtree-LightItalic.ttf */; };
		A77672882BA9EE3E00FB9BC4 /* Figtree-SemiBold.ttf in Resources */ = {isa = PBXBuildFile; fileRef = A776727A2BA9EE3E00FB9BC4 /* Figtree-SemiBold.ttf */; };
		A776728A2BAB59A500FB9BC4 /* UniProtalAdminPinController.swift in Sources */ = {isa = PBXBuildFile; fileRef = A77672892BAB59A500FB9BC4 /* UniProtalAdminPinController.swift */; };
		A7B483352B9F3EC50066B41C /* AppDelegate.swift in Sources */ = {isa = PBXBuildFile; fileRef = A7B483342B9F3EC50066B41C /* AppDelegate.swift */; };
		A7B483372B9F3EC50066B41C /* SceneDelegate.swift in Sources */ = {isa = PBXBuildFile; fileRef = A7B483362B9F3EC50066B41C /* SceneDelegate.swift */; };
		A7B483392B9F3EC50066B41C /* ViewController.swift in Sources */ = {isa = PBXBuildFile; fileRef = A7B483382B9F3EC50066B41C /* ViewController.swift */; };
		A7B4833C2B9F3EC50066B41C /* Main.storyboard in Resources */ = {isa = PBXBuildFile; fileRef = A7B4833A2B9F3EC50066B41C /* Main.storyboard */; };
		A7B4833E2B9F3EC60066B41C /* Assets.xcassets in Resources */ = {isa = PBXBuildFile; fileRef = A7B4833D2B9F3EC60066B41C /* Assets.xcassets */; };
		A7B483412B9F3EC60066B41C /* LaunchScreen.storyboard in Resources */ = {isa = PBXBuildFile; fileRef = A7B4833F2B9F3EC60066B41C /* LaunchScreen.storyboard */; };
		A7B4834C2B9F3FBF0066B41C /* UniPortalController.swift in Sources */ = {isa = PBXBuildFile; fileRef = A7B4834B2B9F3FBF0066B41C /* UniPortalController.swift */; };
		A7B483502B9F3FF80066B41C /* UniPortalFormCell.swift in Sources */ = {isa = PBXBuildFile; fileRef = A7B4834E2B9F3FF80066B41C /* UniPortalFormCell.swift */; };
		A7B483512B9F3FF80066B41C /* UniPortalFormCell.xib in Resources */ = {isa = PBXBuildFile; fileRef = A7B4834F2B9F3FF80066B41C /* UniPortalFormCell.xib */; };
		A7B483542B9F40EB0066B41C /* UniPortalViewModal.swift in Sources */ = {isa = PBXBuildFile; fileRef = A7B483532B9F40EB0066B41C /* UniPortalViewModal.swift */; };
		A7B483572B9F4A6D0066B41C /* UniPotalDobCell.swift in Sources */ = {isa = PBXBuildFile; fileRef = A7B483552B9F4A6D0066B41C /* UniPotalDobCell.swift */; };
		A7B483582B9F4A6D0066B41C /* UniPotalDobCell.xib in Resources */ = {isa = PBXBuildFile; fileRef = A7B483562B9F4A6D0066B41C /* UniPotalDobCell.xib */; };
		A7B4835B2B9F57730066B41C /* UniPortalHeader.swift in Sources */ = {isa = PBXBuildFile; fileRef = A7B483592B9F57730066B41C /* UniPortalHeader.swift */; };
		A7B4835C2B9F57730066B41C /* UniPortalHeader.xib in Resources */ = {isa = PBXBuildFile; fileRef = A7B4835A2B9F57730066B41C /* UniPortalHeader.xib */; };
		A7B4835F2B9F674B0066B41C /* UniPortalSubmitCell.swift in Sources */ = {isa = PBXBuildFile; fileRef = A7B4835D2B9F674B0066B41C /* UniPortalSubmitCell.swift */; };
		A7B483602B9F674B0066B41C /* UniPortalSubmitCell.xib in Resources */ = {isa = PBXBuildFile; fileRef = A7B4835E2B9F674B0066B41C /* UniPortalSubmitCell.xib */; };
		A7B483632B9F69240066B41C /* UniPortalChecksCell.swift in Sources */ = {isa = PBXBuildFile; fileRef = A7B483612B9F69240066B41C /* UniPortalChecksCell.swift */; };
		A7B483642B9F69240066B41C /* UniPortalChecksCell.xib in Resources */ = {isa = PBXBuildFile; fileRef = A7B483622B9F69240066B41C /* UniPortalChecksCell.xib */; };
		A7C342852BA2167B00CDD518 /* UniPortalLandingPage.swift in Sources */ = {isa = PBXBuildFile; fileRef = A7C342842BA2167B00CDD518 /* UniPortalLandingPage.swift */; };
		A7C342872BA4CC9A00CDD518 /* UniPortalAdminController.swift in Sources */ = {isa = PBXBuildFile; fileRef = A7C342862BA4CC9A00CDD518 /* UniPortalAdminController.swift */; };
		A7C3428A2BA4DD5900CDD518 /* NetworkMonitoring.swift in Sources */ = {isa = PBXBuildFile; fileRef = A7C342892BA4DD5900CDD518 /* NetworkMonitoring.swift */; };
		A7C3428C2BA4DEEF00CDD518 /* Extensions.swift in Sources */ = {isa = PBXBuildFile; fileRef = A7C3428B2BA4DEEF00CDD518 /* Extensions.swift */; };
		A7C3428F2BA51F6000CDD518 /* UniPortalAdminCell.swift in Sources */ = {isa = PBXBuildFile; fileRef = A7C3428D2BA51F6000CDD518 /* UniPortalAdminCell.swift */; };
		A7C342902BA51F6000CDD518 /* UniPortalAdminCell.xib in Resources */ = {isa = PBXBuildFile; fileRef = A7C3428E2BA51F6000CDD518 /* UniPortalAdminCell.xib */; };
		A7C342922BA521D100CDD518 /* UniPortalAdminViewModal.swift in Sources */ = {isa = PBXBuildFile; fileRef = A7C342912BA521D100CDD518 /* UniPortalAdminViewModal.swift */; };
/* End PBXBuildFile section */

/* Begin PBXFileReference section */
		A776726D2BA9EE3D00FB9BC4 /* Figtree-ExtraBold.ttf */ = {isa = PBXFileReference; lastKnownFileType = file; path = "Figtree-ExtraBold.ttf"; sourceTree = "<group>"; };
		A776726E2BA9EE3D00FB9BC4 /* Figtree-Bold.ttf */ = {isa = PBXFileReference; lastKnownFileType = file; path = "Figtree-Bold.ttf"; sourceTree = "<group>"; };
		A776726F2BA9EE3D00FB9BC4 /* Figtree-SemiBoldItalic.ttf */ = {isa = PBXFileReference; lastKnownFileType = file; path = "Figtree-SemiBoldItalic.ttf"; sourceTree = "<group>"; };
		A77672702BA9EE3D00FB9BC4 /* Figtree-Light.ttf */ = {isa = PBXFileReference; lastKnownFileType = file; path = "Figtree-Light.ttf"; sourceTree = "<group>"; };
		A77672712BA9EE3D00FB9BC4 /* Figtree-MediumItalic.ttf */ = {isa = PBXFileReference; lastKnownFileType = file; path = "Figtree-MediumItalic.ttf"; sourceTree = "<group>"; };
		A77672722BA9EE3D00FB9BC4 /* Figtree-ExtraBoldItalic.ttf */ = {isa = PBXFileReference; lastKnownFileType = file; path = "Figtree-ExtraBoldItalic.ttf"; sourceTree = "<group>"; };
		A77672732BA9EE3D00FB9BC4 /* Figtree-Medium.ttf */ = {isa = PBXFileReference; lastKnownFileType = file; path = "Figtree-Medium.ttf"; sourceTree = "<group>"; };
		A77672742BA9EE3D00FB9BC4 /* Figtree-Regular.ttf */ = {isa = PBXFileReference; lastKnownFileType = file; path = "Figtree-Regular.ttf"; sourceTree = "<group>"; };
		A77672752BA9EE3D00FB9BC4 /* Figtree-BlackItalic.ttf */ = {isa = PBXFileReference; lastKnownFileType = file; path = "Figtree-BlackItalic.ttf"; sourceTree = "<group>"; };
		A77672762BA9EE3E00FB9BC4 /* Figtree-BoldItalic.ttf */ = {isa = PBXFileReference; lastKnownFileType = file; path = "Figtree-BoldItalic.ttf"; sourceTree = "<group>"; };
		A77672772BA9EE3E00FB9BC4 /* Figtree-Italic.ttf */ = {isa = PBXFileReference; lastKnownFileType = file; path = "Figtree-Italic.ttf"; sourceTree = "<group>"; };
		A77672782BA9EE3E00FB9BC4 /* Figtree-Black.ttf */ = {isa = PBXFileReference; lastKnownFileType = file; path = "Figtree-Black.ttf"; sourceTree = "<group>"; };
		A77672792BA9EE3E00FB9BC4 /* Figtree-LightItalic.ttf */ = {isa = PBXFileReference; lastKnownFileType = file; path = "Figtree-LightItalic.ttf"; sourceTree = "<group>"; };
		A776727A2BA9EE3E00FB9BC4 /* Figtree-SemiBold.ttf */ = {isa = PBXFileReference; lastKnownFileType = file; path = "Figtree-SemiBold.ttf"; sourceTree = "<group>"; };
		A77672892BAB59A500FB9BC4 /* UniProtalAdminPinController.swift */ = {isa = PBXFileReference; lastKnownFileType = sourcecode.swift; path = UniProtalAdminPinController.swift; sourceTree = "<group>"; };
		A7B483312B9F3EC50066B41C /* USW Connect.app */ = {isa = PBXFileReference; explicitFileType = wrapper.application; includeInIndex = 0; path = "USW Connect.app"; sourceTree = BUILT_PRODUCTS_DIR; };
		A7B483342B9F3EC50066B41C /* AppDelegate.swift */ = {isa = PBXFileReference; lastKnownFileType = sourcecode.swift; path = AppDelegate.swift; sourceTree = "<group>"; };
		A7B483362B9F3EC50066B41C /* SceneDelegate.swift */ = {isa = PBXFileReference; lastKnownFileType = sourcecode.swift; path = SceneDelegate.swift; sourceTree = "<group>"; };
		A7B483382B9F3EC50066B41C /* ViewController.swift */ = {isa = PBXFileReference; lastKnownFileType = sourcecode.swift; path = ViewController.swift; sourceTree = "<group>"; };
		A7B4833B2B9F3EC50066B41C /* Base */ = {isa = PBXFileReference; lastKnownFileType = file.storyboard; name = Base; path = Base.lproj/Main.storyboard; sourceTree = "<group>"; };
		A7B4833D2B9F3EC60066B41C /* Assets.xcassets */ = {isa = PBXFileReference; lastKnownFileType = folder.assetcatalog; path = Assets.xcassets; sourceTree = "<group>"; };
		A7B483402B9F3EC60066B41C /* Base */ = {isa = PBXFileReference; lastKnownFileType = file.storyboard; name = Base; path = Base.lproj/LaunchScreen.storyboard; sourceTree = "<group>"; };
		A7B483422B9F3EC60066B41C /* Info.plist */ = {isa = PBXFileReference; lastKnownFileType = text.plist.xml; path = Info.plist; sourceTree = "<group>"; };
		A7B4834B2B9F3FBF0066B41C /* UniPortalController.swift */ = {isa = PBXFileReference; lastKnownFileType = sourcecode.swift; path = UniPortalController.swift; sourceTree = "<group>"; };
		A7B4834E2B9F3FF80066B41C /* UniPortalFormCell.swift */ = {isa = PBXFileReference; lastKnownFileType = sourcecode.swift; path = UniPortalFormCell.swift; sourceTree = "<group>"; };
		A7B4834F2B9F3FF80066B41C /* UniPortalFormCell.xib */ = {isa = PBXFileReference; lastKnownFileType = file.xib; path = UniPortalFormCell.xib; sourceTree = "<group>"; };
		A7B483532B9F40EB0066B41C /* UniPortalViewModal.swift */ = {isa = PBXFileReference; lastKnownFileType = sourcecode.swift; path = UniPortalViewModal.swift; sourceTree = "<group>"; };
		A7B483552B9F4A6D0066B41C /* UniPotalDobCell.swift */ = {isa = PBXFileReference; lastKnownFileType = sourcecode.swift; path = UniPotalDobCell.swift; sourceTree = "<group>"; };
		A7B483562B9F4A6D0066B41C /* UniPotalDobCell.xib */ = {isa = PBXFileReference; lastKnownFileType = file.xib; path = UniPotalDobCell.xib; sourceTree = "<group>"; };
		A7B483592B9F57730066B41C /* UniPortalHeader.swift */ = {isa = PBXFileReference; lastKnownFileType = sourcecode.swift; path = UniPortalHeader.swift; sourceTree = "<group>"; };
		A7B4835A2B9F57730066B41C /* UniPortalHeader.xib */ = {isa = PBXFileReference; lastKnownFileType = file.xib; path = UniPortalHeader.xib; sourceTree = "<group>"; };
		A7B4835D2B9F674B0066B41C /* UniPortalSubmitCell.swift */ = {isa = PBXFileReference; lastKnownFileType = sourcecode.swift; path = UniPortalSubmitCell.swift; sourceTree = "<group>"; };
		A7B4835E2B9F674B0066B41C /* UniPortalSubmitCell.xib */ = {isa = PBXFileReference; lastKnownFileType = file.xib; path = UniPortalSubmitCell.xib; sourceTree = "<group>"; };
		A7B483612B9F69240066B41C /* UniPortalChecksCell.swift */ = {isa = PBXFileReference; lastKnownFileType = sourcecode.swift; path = UniPortalChecksCell.swift; sourceTree = "<group>"; };
		A7B483622B9F69240066B41C /* UniPortalChecksCell.xib */ = {isa = PBXFileReference; lastKnownFileType = file.xib; path = UniPortalChecksCell.xib; sourceTree = "<group>"; };
		A7C342842BA2167B00CDD518 /* UniPortalLandingPage.swift */ = {isa = PBXFileReference; lastKnownFileType = sourcecode.swift; path = UniPortalLandingPage.swift; sourceTree = "<group>"; };
		A7C342862BA4CC9A00CDD518 /* UniPortalAdminController.swift */ = {isa = PBXFileReference; lastKnownFileType = sourcecode.swift; path = UniPortalAdminController.swift; sourceTree = "<group>"; };
		A7C342892BA4DD5900CDD518 /* NetworkMonitoring.swift */ = {isa = PBXFileReference; lastKnownFileType = sourcecode.swift; path = NetworkMonitoring.swift; sourceTree = "<group>"; };
		A7C3428B2BA4DEEF00CDD518 /* Extensions.swift */ = {isa = PBXFileReference; lastKnownFileType = sourcecode.swift; path = Extensions.swift; sourceTree = "<group>"; };
		A7C3428D2BA51F6000CDD518 /* UniPortalAdminCell.swift */ = {isa = PBXFileReference; lastKnownFileType = sourcecode.swift; path = UniPortalAdminCell.swift; sourceTree = "<group>"; };
		A7C3428E2BA51F6000CDD518 /* UniPortalAdminCell.xib */ = {isa = PBXFileReference; lastKnownFileType = file.xib; path = UniPortalAdminCell.xib; sourceTree = "<group>"; };
		A7C342912BA521D100CDD518 /* UniPortalAdminViewModal.swift */ = {isa = PBXFileReference; lastKnownFileType = sourcecode.swift; path = UniPortalAdminViewModal.swift; sourceTree = "<group>"; };
/* End PBXFileReference section */

/* Begin PBXFrameworksBuildPhase section */
		A7B4832E2B9F3EC50066B41C /* Frameworks */ = {
			isa = PBXFrameworksBuildPhase;
			buildActionMask = 2147483647;
			files = (
			);
			runOnlyForDeploymentPostprocessing = 0;
		};
/* End PBXFrameworksBuildPhase section */

/* Begin PBXGroup section */
		A776726C2BA9EE3D00FB9BC4 /* Fonts */ = {
			isa = PBXGroup;
			children = (
				A776726D2BA9EE3D00FB9BC4 /* Figtree-ExtraBold.ttf */,
				A776726E2BA9EE3D00FB9BC4 /* Figtree-Bold.ttf */,
				A776726F2BA9EE3D00FB9BC4 /* Figtree-SemiBoldItalic.ttf */,
				A77672702BA9EE3D00FB9BC4 /* Figtree-Light.ttf */,
				A77672712BA9EE3D00FB9BC4 /* Figtree-MediumItalic.ttf */,
				A77672722BA9EE3D00FB9BC4 /* Figtree-ExtraBoldItalic.ttf */,
				A77672732BA9EE3D00FB9BC4 /* Figtree-Medium.ttf */,
				A77672742BA9EE3D00FB9BC4 /* Figtree-Regular.ttf */,
				A77672752BA9EE3D00FB9BC4 /* Figtree-BlackItalic.ttf */,
				A77672762BA9EE3E00FB9BC4 /* Figtree-BoldItalic.ttf */,
				A77672772BA9EE3E00FB9BC4 /* Figtree-Italic.ttf */,
				A77672782BA9EE3E00FB9BC4 /* Figtree-Black.ttf */,
				A77672792BA9EE3E00FB9BC4 /* Figtree-LightItalic.ttf */,
				A776727A2BA9EE3E00FB9BC4 /* Figtree-SemiBold.ttf */,
			);
			path = Fonts;
			sourceTree = "<group>";
		};
		A7B483282B9F3EC50066B41C = {
			isa = PBXGroup;
			children = (
				A7B483332B9F3EC50066B41C /* USW Connect */,
				A7B483322B9F3EC50066B41C /* Products */,
			);
			sourceTree = "<group>";
		};
		A7B483322B9F3EC50066B41C /* Products */ = {
			isa = PBXGroup;
			children = (
				A7B483312B9F3EC50066B41C /* USW Connect.app */,
			);
			name = Products;
			sourceTree = "<group>";
		};
		A7B483332B9F3EC50066B41C /* USW Connect */ = {
			isa = PBXGroup;
			children = (
				A776726C2BA9EE3D00FB9BC4 /* Fonts */,
				A7C342882BA4DD3F00CDD518 /* CommonClasses */,
				A7B483522B9F40D10066B41C /* ViewModals */,
				A7B4834D2B9F3FD30066B41C /* TableViewCells */,
				A7B483482B9F3F5E0066B41C /* Controllers */,
				A7B483342B9F3EC50066B41C /* AppDelegate.swift */,
				A7B483362B9F3EC50066B41C /* SceneDelegate.swift */,
				A7B483382B9F3EC50066B41C /* ViewController.swift */,
				A7B4833A2B9F3EC50066B41C /* Main.storyboard */,
				A7B4833D2B9F3EC60066B41C /* Assets.xcassets */,
				A7B4833F2B9F3EC60066B41C /* LaunchScreen.storyboard */,
				A7B483422B9F3EC60066B41C /* Info.plist */,
			);
			path = "USW Connect";
			sourceTree = "<group>";
		};
		A7B483482B9F3F5E0066B41C /* Controllers */ = {
			isa = PBXGroup;
			children = (
				A7B4834B2B9F3FBF0066B41C /* UniPortalController.swift */,
				A7C342842BA2167B00CDD518 /* UniPortalLandingPage.swift */,
				A7C342862BA4CC9A00CDD518 /* UniPortalAdminController.swift */,
				A77672892BAB59A500FB9BC4 /* UniProtalAdminPinController.swift */,
			);
			path = Controllers;
			sourceTree = "<group>";
		};
		A7B4834D2B9F3FD30066B41C /* TableViewCells */ = {
			isa = PBXGroup;
			children = (
				A7B4834E2B9F3FF80066B41C /* UniPortalFormCell.swift */,
				A7B4834F2B9F3FF80066B41C /* UniPortalFormCell.xib */,
				A7B483552B9F4A6D0066B41C /* UniPotalDobCell.swift */,
				A7B483562B9F4A6D0066B41C /* UniPotalDobCell.xib */,
				A7B483592B9F57730066B41C /* UniPortalHeader.swift */,
				A7B4835A2B9F57730066B41C /* UniPortalHeader.xib */,
				A7B4835D2B9F674B0066B41C /* UniPortalSubmitCell.swift */,
				A7B4835E2B9F674B0066B41C /* UniPortalSubmitCell.xib */,
				A7B483612B9F69240066B41C /* UniPortalChecksCell.swift */,
				A7B483622B9F69240066B41C /* UniPortalChecksCell.xib */,
				A7C3428D2BA51F6000CDD518 /* UniPortalAdminCell.swift */,
				A7C3428E2BA51F6000CDD518 /* UniPortalAdminCell.xib */,
			);
			path = TableViewCells;
			sourceTree = "<group>";
		};
		A7B483522B9F40D10066B41C /* ViewModals */ = {
			isa = PBXGroup;
			children = (
				A7B483532B9F40EB0066B41C /* UniPortalViewModal.swift */,
				A7C342912BA521D100CDD518 /* UniPortalAdminViewModal.swift */,
			);
			path = ViewModals;
			sourceTree = "<group>";
		};
		A7C342882BA4DD3F00CDD518 /* CommonClasses */ = {
			isa = PBXGroup;
			children = (
				A7C342892BA4DD5900CDD518 /* NetworkMonitoring.swift */,
				A7C3428B2BA4DEEF00CDD518 /* Extensions.swift */,
			);
			path = CommonClasses;
			sourceTree = "<group>";
		};
/* End PBXGroup section */

/* Begin PBXNativeTarget section */
		A7B483302B9F3EC50066B41C /* USW Connect */ = {
			isa = PBXNativeTarget;
			buildConfigurationList = A7B483452B9F3EC60066B41C /* Build configuration list for PBXNativeTarget "USW Connect" */;
			buildPhases = (
				A7B4832D2B9F3EC50066B41C /* Sources */,
				A7B4832E2B9F3EC50066B41C /* Frameworks */,
				A7B4832F2B9F3EC50066B41C /* Resources */,
			);
			buildRules = (
			);
			dependencies = (
			);
			name = "USW Connect";
			productName = "USW Connect";
			productReference = A7B483312B9F3EC50066B41C /* USW Connect.app */;
			productType = "com.apple.product-type.application";
		};
/* End PBXNativeTarget section */

/* Begin PBXProject section */
		A7B483292B9F3EC50066B41C /* Project object */ = {
			isa = PBXProject;
			attributes = {
				BuildIndependentTargetsInParallel = 1;
				LastSwiftUpdateCheck = 1420;
				LastUpgradeCheck = 1420;
				TargetAttributes = {
					A7B483302B9F3EC50066B41C = {
						CreatedOnToolsVersion = 14.2;
					};
				};
			};
			buildConfigurationList = A7B4832C2B9F3EC50066B41C /* Build configuration list for PBXProject "USW Connect" */;
			compatibilityVersion = "Xcode 14.0";
			developmentRegion = en;
			hasScannedForEncodings = 0;
			knownRegions = (
				en,
				Base,
			);
			mainGroup = A7B483282B9F3EC50066B41C;
			productRefGroup = A7B483322B9F3EC50066B41C /* Products */;
			projectDirPath = "";
			projectRoot = "";
			targets = (
				A7B483302B9F3EC50066B41C /* USW Connect */,
			);
		};
/* End PBXProject section */

/* Begin PBXResourcesBuildPhase section */
		A7B4832F2B9F3EC50066B41C /* Resources */ = {
			isa = PBXResourcesBuildPhase;
			buildActionMask = 2147483647;
			files = (
				A77672802BA9EE3E00FB9BC4 /* Figtree-ExtraBoldItalic.ttf in Resources */,
				A77672842BA9EE3E00FB9BC4 /* Figtree-BoldItalic.ttf in Resources */,
				A7B483602B9F674B0066B41C /* UniPortalSubmitCell.xib in Resources */,
				A77672852BA9EE3E00FB9BC4 /* Figtree-Italic.ttf in Resources */,
				A77672812BA9EE3E00FB9BC4 /* Figtree-Medium.ttf in Resources */,
				A7B483582B9F4A6D0066B41C /* UniPotalDobCell.xib in Resources */,
				A776727D2BA9EE3E00FB9BC4 /* Figtree-SemiBoldItalic.ttf in Resources */,
				A7B4835C2B9F57730066B41C /* UniPortalHeader.xib in Resources */,
				A7B483512B9F3FF80066B41C /* UniPortalFormCell.xib in Resources */,
				A7B483412B9F3EC60066B41C /* LaunchScreen.storyboard in Resources */,
				A7B4833E2B9F3EC60066B41C /* Assets.xcassets in Resources */,
				A7B4833C2B9F3EC50066B41C /* Main.storyboard in Resources */,
				A77672872BA9EE3E00FB9BC4 /* Figtree-LightItalic.ttf in Resources */,
				A77672862BA9EE3E00FB9BC4 /* Figtree-Black.ttf in Resources */,
				A77672822BA9EE3E00FB9BC4 /* Figtree-Regular.ttf in Resources */,
				A77672882BA9EE3E00FB9BC4 /* Figtree-SemiBold.ttf in Resources */,
				A77672832BA9EE3E00FB9BC4 /* Figtree-BlackItalic.ttf in Resources */,
				A776727C2BA9EE3E00FB9BC4 /* Figtree-Bold.ttf in Resources */,
				A776727B2BA9EE3E00FB9BC4 /* Figtree-ExtraBold.ttf in Resources */,
				A776727F2BA9EE3E00FB9BC4 /* Figtree-MediumItalic.ttf in Resources */,
				A7B483642B9F69240066B41C /* UniPortalChecksCell.xib in Resources */,
				A7C342902BA51F6000CDD518 /* UniPortalAdminCell.xib in Resources */,
				A776727E2BA9EE3E00FB9BC4 /* Figtree-Light.ttf in Resources */,
			);
			runOnlyForDeploymentPostprocessing = 0;
		};
/* End PBXResourcesBuildPhase section */

/* Begin PBXSourcesBuildPhase section */
		A7B4832D2B9F3EC50066B41C /* Sources */ = {
			isa = PBXSourcesBuildPhase;
			buildActionMask = 2147483647;
			files = (
				A7C342872BA4CC9A00CDD518 /* UniPortalAdminController.swift in Sources */,
				A7B483392B9F3EC50066B41C /* ViewController.swift in Sources */,
				A7B483352B9F3EC50066B41C /* AppDelegate.swift in Sources */,
				A776728A2BAB59A500FB9BC4 /* UniProtalAdminPinController.swift in Sources */,
				A7B483502B9F3FF80066B41C /* UniPortalFormCell.swift in Sources */,
				A7B4834C2B9F3FBF0066B41C /* UniPortalController.swift in Sources */,
				A7C342852BA2167B00CDD518 /* UniPortalLandingPage.swift in Sources */,
				A7B483372B9F3EC50066B41C /* SceneDelegate.swift in Sources */,
				A7C342922BA521D100CDD518 /* UniPortalAdminViewModal.swift in Sources */,
				A7B483632B9F69240066B41C /* UniPortalChecksCell.swift in Sources */,
				A7B483542B9F40EB0066B41C /* UniPortalViewModal.swift in Sources */,
				A7B483572B9F4A6D0066B41C /* UniPotalDobCell.swift in Sources */,
				A7B4835B2B9F57730066B41C /* UniPortalHeader.swift in Sources */,
				A7B4835F2B9F674B0066B41C /* UniPortalSubmitCell.swift in Sources */,
				A7C3428F2BA51F6000CDD518 /* UniPortalAdminCell.swift in Sources */,
				A7C3428A2BA4DD5900CDD518 /* NetworkMonitoring.swift in Sources */,
				A7C3428C2BA4DEEF00CDD518 /* Extensions.swift in Sources */,
			);
			runOnlyForDeploymentPostprocessing = 0;
		};
/* End PBXSourcesBuildPhase section */

/* Begin PBXVariantGroup section */
		A7B4833A2B9F3EC50066B41C /* Main.storyboard */ = {
			isa = PBXVariantGroup;
			children = (
				A7B4833B2B9F3EC50066B41C /* Base */,
			);
			name = Main.storyboard;
			sourceTree = "<group>";
		};
		A7B4833F2B9F3EC60066B41C /* LaunchScreen.storyboard */ = {
			isa = PBXVariantGroup;
			children = (
				A7B483402B9F3EC60066B41C /* Base */,
			);
			name = LaunchScreen.storyboard;
			sourceTree = "<group>";
		};
/* End PBXVariantGroup section */

/* Begin XCBuildConfiguration section */
		A7B483432B9F3EC60066B41C /* Debug */ = {
			isa = XCBuildConfiguration;
			buildSettings = {
				ALWAYS_SEARCH_USER_PATHS = NO;
				CLANG_ANALYZER_NONNULL = YES;
				CLANG_ANALYZER_NUMBER_OBJECT_CONVERSION = YES_AGGRESSIVE;
				CLANG_CXX_LANGUAGE_STANDARD = "gnu++20";
				CLANG_ENABLE_MODULES = YES;
				CLANG_ENABLE_OBJC_ARC = YES;
				CLANG_ENABLE_OBJC_WEAK = YES;
				CLANG_WARN_BLOCK_CAPTURE_AUTORELEASING = YES;
				CLANG_WARN_BOOL_CONVERSION = YES;
				CLANG_WARN_COMMA = YES;
				CLANG_WARN_CONSTANT_CONVERSION = YES;
				CLANG_WARN_DEPRECATED_OBJC_IMPLEMENTATIONS = YES;
				CLANG_WARN_DIRECT_OBJC_ISA_USAGE = YES_ERROR;
				CLANG_WARN_DOCUMENTATION_COMMENTS = YES;
				CLANG_WARN_EMPTY_BODY = YES;
				CLANG_WARN_ENUM_CONVERSION = YES;
				CLANG_WARN_INFINITE_RECURSION = YES;
				CLANG_WARN_INT_CONVERSION = YES;
				CLANG_WARN_NON_LITERAL_NULL_CONVERSION = YES;
				CLANG_WARN_OBJC_IMPLICIT_RETAIN_SELF = YES;
				CLANG_WARN_OBJC_LITERAL_CONVERSION = YES;
				CLANG_WARN_OBJC_ROOT_CLASS = YES_ERROR;
				CLANG_WARN_QUOTED_INCLUDE_IN_FRAMEWORK_HEADER = YES;
				CLANG_WARN_RANGE_LOOP_ANALYSIS = YES;
				CLANG_WARN_STRICT_PROTOTYPES = YES;
				CLANG_WARN_SUSPICIOUS_MOVE = YES;
				CLANG_WARN_UNGUARDED_AVAILABILITY = YES_AGGRESSIVE;
				CLANG_WARN_UNREACHABLE_CODE = YES;
				CLANG_WARN__DUPLICATE_METHOD_MATCH = YES;
				COPY_PHASE_STRIP = NO;
				DEBUG_INFORMATION_FORMAT = dwarf;
				ENABLE_STRICT_OBJC_MSGSEND = YES;
				ENABLE_TESTABILITY = YES;
				GCC_C_LANGUAGE_STANDARD = gnu11;
				GCC_DYNAMIC_NO_PIC = NO;
				GCC_NO_COMMON_BLOCKS = YES;
				GCC_OPTIMIZATION_LEVEL = 0;
				GCC_PREPROCESSOR_DEFINITIONS = (
					"DEBUG=1",
					"$(inherited)",
				);
				GCC_WARN_64_TO_32_BIT_CONVERSION = YES;
				GCC_WARN_ABOUT_RETURN_TYPE = YES_ERROR;
				GCC_WARN_UNDECLARED_SELECTOR = YES;
				GCC_WARN_UNINITIALIZED_AUTOS = YES_AGGRESSIVE;
				GCC_WARN_UNUSED_FUNCTION = YES;
				GCC_WARN_UNUSED_VARIABLE = YES;
				IPHONEOS_DEPLOYMENT_TARGET = 16.2;
				MTL_ENABLE_DEBUG_INFO = INCLUDE_SOURCE;
				MTL_FAST_MATH = YES;
				ONLY_ACTIVE_ARCH = YES;
				SDKROOT = iphoneos;
				SWIFT_ACTIVE_COMPILATION_CONDITIONS = DEBUG;
				SWIFT_OPTIMIZATION_LEVEL = "-Onone";
			};
			name = Debug;
		};
		A7B483442B9F3EC60066B41C /* Release */ = {
			isa = XCBuildConfiguration;
			buildSettings = {
				ALWAYS_SEARCH_USER_PATHS = NO;
				CLANG_ANALYZER_NONNULL = YES;
				CLANG_ANALYZER_NUMBER_OBJECT_CONVERSION = YES_AGGRESSIVE;
				CLANG_CXX_LANGUAGE_STANDARD = "gnu++20";
				CLANG_ENABLE_MODULES = YES;
				CLANG_ENABLE_OBJC_ARC = YES;
				CLANG_ENABLE_OBJC_WEAK = YES;
				CLANG_WARN_BLOCK_CAPTURE_AUTORELEASING = YES;
				CLANG_WARN_BOOL_CONVERSION = YES;
				CLANG_WARN_COMMA = YES;
				CLANG_WARN_CONSTANT_CONVERSION = YES;
				CLANG_WARN_DEPRECATED_OBJC_IMPLEMENTATIONS = YES;
				CLANG_WARN_DIRECT_OBJC_ISA_USAGE = YES_ERROR;
				CLANG_WARN_DOCUMENTATION_COMMENTS = YES;
				CLANG_WARN_EMPTY_BODY = YES;
				CLANG_WARN_ENUM_CONVERSION = YES;
				CLANG_WARN_INFINITE_RECURSION = YES;
				CLANG_WARN_INT_CONVERSION = YES;
				CLANG_WARN_NON_LITERAL_NULL_CONVERSION = YES;
				CLANG_WARN_OBJC_IMPLICIT_RETAIN_SELF = YES;
				CLANG_WARN_OBJC_LITERAL_CONVERSION = YES;
				CLANG_WARN_OBJC_ROOT_CLASS = YES_ERROR;
				CLANG_WARN_QUOTED_INCLUDE_IN_FRAMEWORK_HEADER = YES;
				CLANG_WARN_RANGE_LOOP_ANALYSIS = YES;
				CLANG_WARN_STRICT_PROTOTYPES = YES;
				CLANG_WARN_SUSPICIOUS_MOVE = YES;
				CLANG_WARN_UNGUARDED_AVAILABILITY = YES_AGGRESSIVE;
				CLANG_WARN_UNREACHABLE_CODE = YES;
				CLANG_WARN__DUPLICATE_METHOD_MATCH = YES;
				COPY_PHASE_STRIP = NO;
				DEBUG_INFORMATION_FORMAT = "dwarf-with-dsym";
				ENABLE_NS_ASSERTIONS = NO;
				ENABLE_STRICT_OBJC_MSGSEND = YES;
				GCC_C_LANGUAGE_STANDARD = gnu11;
				GCC_NO_COMMON_BLOCKS = YES;
				GCC_WARN_64_TO_32_BIT_CONVERSION = YES;
				GCC_WARN_ABOUT_RETURN_TYPE = YES_ERROR;
				GCC_WARN_UNDECLARED_SELECTOR = YES;
				GCC_WARN_UNINITIALIZED_AUTOS = YES_AGGRESSIVE;
				GCC_WARN_UNUSED_FUNCTION = YES;
				GCC_WARN_UNUSED_VARIABLE = YES;
				IPHONEOS_DEPLOYMENT_TARGET = 16.2;
				MTL_ENABLE_DEBUG_INFO = NO;
				MTL_FAST_MATH = YES;
				SDKROOT = iphoneos;
				SWIFT_COMPILATION_MODE = wholemodule;
				SWIFT_OPTIMIZATION_LEVEL = "-O";
				VALIDATE_PRODUCT = YES;
			};
			name = Release;
		};
		A7B483462B9F3EC60066B41C /* Debug */ = {
			isa = XCBuildConfiguration;
			buildSettings = {
				ASSETCATALOG_COMPILER_APPICON_NAME = AppIcon;
				ASSETCATALOG_COMPILER_GLOBAL_ACCENT_COLOR_NAME = AccentColor;
				CODE_SIGN_STYLE = Automatic;
				CURRENT_PROJECT_VERSION = 1;
				DEVELOPMENT_TEAM = HDTU8A4LVQ;
				GENERATE_INFOPLIST_FILE = YES;
				INFOPLIST_FILE = "USW Connect/Info.plist";
				INFOPLIST_KEY_UIApplicationSupportsIndirectInputEvents = YES;
				INFOPLIST_KEY_UILaunchStoryboardName = LaunchScreen;
				INFOPLIST_KEY_UIMainStoryboardFile = Main;
				INFOPLIST_KEY_UISupportedInterfaceOrientations_iPad = "UIInterfaceOrientationPortrait UIInterfaceOrientationPortraitUpsideDown UIInterfaceOrientationLandscapeLeft UIInterfaceOrientationLandscapeRight";
				INFOPLIST_KEY_UISupportedInterfaceOrientations_iPhone = "UIInterfaceOrientationPortrait UIInterfaceOrientationLandscapeLeft UIInterfaceOrientationLandscapeRight";
				LD_RUNPATH_SEARCH_PATHS = (
					"$(inherited)",
					"@executable_path/Frameworks",
				);
				MARKETING_VERSION = 1.0;
				PRODUCT_BUNDLE_IDENTIFIER = "com.developer.USW-Connect";
				PRODUCT_NAME = "$(TARGET_NAME)";
				SWIFT_EMIT_LOC_STRINGS = YES;
				SWIFT_VERSION = 5.0;
				TARGETED_DEVICE_FAMILY = "1,2";
			};
			name = Debug;
		};
		A7B483472B9F3EC60066B41C /* Release */ = {
			isa = XCBuildConfiguration;
			buildSettings = {
				ASSETCATALOG_COMPILER_APPICON_NAME = AppIcon;
				ASSETCATALOG_COMPILER_GLOBAL_ACCENT_COLOR_NAME = AccentColor;
				CODE_SIGN_STYLE = Automatic;
				CURRENT_PROJECT_VERSION = 1;
				DEVELOPMENT_TEAM = HDTU8A4LVQ;
				GENERATE_INFOPLIST_FILE = YES;
				INFOPLIST_FILE = "USW Connect/Info.plist";
				INFOPLIST_KEY_UIApplicationSupportsIndirectInputEvents = YES;
				INFOPLIST_KEY_UILaunchStoryboardName = LaunchScreen;
				INFOPLIST_KEY_UIMainStoryboardFile = Main;
				INFOPLIST_KEY_UISupportedInterfaceOrientations_iPad = "UIInterfaceOrientationPortrait UIInterfaceOrientationPortraitUpsideDown UIInterfaceOrientationLandscapeLeft UIInterfaceOrientationLandscapeRight";
				INFOPLIST_KEY_UISupportedInterfaceOrientations_iPhone = "UIInterfaceOrientationPortrait UIInterfaceOrientationLandscapeLeft UIInterfaceOrientationLandscapeRight";
				LD_RUNPATH_SEARCH_PATHS = (
					"$(inherited)",
					"@executable_path/Frameworks",
				);
				MARKETING_VERSION = 1.0;
				PRODUCT_BUNDLE_IDENTIFIER = "com.developer.USW-Connect";
				PRODUCT_NAME = "$(TARGET_NAME)";
				SWIFT_EMIT_LOC_STRINGS = YES;
				SWIFT_VERSION = 5.0;
				TARGETED_DEVICE_FAMILY = "1,2";
			};
			name = Release;
		};
/* End XCBuildConfiguration section */

/* Begin XCConfigurationList section */
		A7B4832C2B9F3EC50066B41C /* Build configuration list for PBXProject "USW Connect" */ = {
			isa = XCConfigurationList;
			buildConfigurations = (
				A7B483432B9F3EC60066B41C /* Debug */,
				A7B483442B9F3EC60066B41C /* Release */,
			);
			defaultConfigurationIsVisible = 0;
			defaultConfigurationName = Release;
		};
		A7B483452B9F3EC60066B41C /* Build configuration list for PBXNativeTarget "USW Connect" */ = {
			isa = XCConfigurationList;
			buildConfigurations = (
				A7B483462B9F3EC60066B41C /* Debug */,
				A7B483472B9F3EC60066B41C /* Release */,
			);
			defaultConfigurationIsVisible = 0;
			defaultConfigurationName = Release;
		};
/* End XCConfigurationList section */
	};
	rootObject = A7B483292B9F3EC50066B41C /* Project object */;
}
